// !$*UTF8*$!
{
	archiveVersion = 1;
	classes = {
	};
	objectVersion = 46;
	objects = {

/* Begin PBXBuildFile section */
		41F2031918511AAB00FD14E8 /* Foundation.framework in Frameworks */ = {isa = PBXBuildFile; fileRef = 41F2031818511AAB00FD14E8 /* Foundation.framework */; };
		41F2031B18511AAB00FD14E8 /* CoreGraphics.framework in Frameworks */ = {isa = PBXBuildFile; fileRef = 41F2031A18511AAB00FD14E8 /* CoreGraphics.framework */; };
		41F2031D18511AAB00FD14E8 /* UIKit.framework in Frameworks */ = {isa = PBXBuildFile; fileRef = 41F2031C18511AAB00FD14E8 /* UIKit.framework */; };
		41F2032318511AAB00FD14E8 /* InfoPlist.strings in Resources */ = {isa = PBXBuildFile; fileRef = 41F2032118511AAB00FD14E8 /* InfoPlist.strings */; };
		41F2032518511AAB00FD14E8 /* main.m in Sources */ = {isa = PBXBuildFile; fileRef = 41F2032418511AAB00FD14E8 /* main.m */; };
		41F2032918511AAB00FD14E8 /* TKAppDelegate.m in Sources */ = {isa = PBXBuildFile; fileRef = 41F2032818511AAB00FD14E8 /* TKAppDelegate.m */; };
		41F2032B18511AAB00FD14E8 /* Images.xcassets in Resources */ = {isa = PBXBuildFile; fileRef = 41F2032A18511AAB00FD14E8 /* Images.xcassets */; };
		41F2033218511AAB00FD14E8 /* XCTest.framework in Frameworks */ = {isa = PBXBuildFile; fileRef = 41F2033118511AAB00FD14E8 /* XCTest.framework */; };
		41F2033318511AAB00FD14E8 /* Foundation.framework in Frameworks */ = {isa = PBXBuildFile; fileRef = 41F2031818511AAB00FD14E8 /* Foundation.framework */; };
		41F2033418511AAB00FD14E8 /* UIKit.framework in Frameworks */ = {isa = PBXBuildFile; fileRef = 41F2031C18511AAB00FD14E8 /* UIKit.framework */; };
		41F2033C18511AAB00FD14E8 /* InfoPlist.strings in Resources */ = {isa = PBXBuildFile; fileRef = 41F2033A18511AAB00FD14E8 /* InfoPlist.strings */; };
		41F2033E18511AAB00FD14E8 /* TintedKeyboardTests.m in Sources */ = {isa = PBXBuildFile; fileRef = 41F2033D18511AAB00FD14E8 /* TintedKeyboardTests.m */; };
		41F2034A18511B5700FD14E8 /* TKMainViewController.m in Sources */ = {isa = PBXBuildFile; fileRef = 41F2034818511B5600FD14E8 /* TKMainViewController.m */; };
		41F2034B18511B5700FD14E8 /* TKMainViewController.xib in Resources */ = {isa = PBXBuildFile; fileRef = 41F2034918511B5600FD14E8 /* TKMainViewController.xib */; };
		41F2034E1851273E00FD14E8 /* TKTintedKeyboardViewController.m in Sources */ = {isa = PBXBuildFile; fileRef = 41F2034D1851273E00FD14E8 /* TKTintedKeyboardViewController.m */; };
/* End PBXBuildFile section */

/* Begin PBXContainerItemProxy section */
		41F2033518511AAB00FD14E8 /* PBXContainerItemProxy */ = {
			isa = PBXContainerItemProxy;
			containerPortal = 41F2030D18511AAB00FD14E8 /* Project object */;
			proxyType = 1;
			remoteGlobalIDString = 41F2031418511AAB00FD14E8;
			remoteInfo = TintedKeyboard;
		};
/* End PBXContainerItemProxy section */

/* Begin PBXFileReference section */
		41F2031518511AAB00FD14E8 /* TintedKeyboard.app */ = {isa = PBXFileReference; explicitFileType = wrapper.application; includeInIndex = 0; path = TintedKeyboard.app; sourceTree = BUILT_PRODUCTS_DIR; };
		41F2031818511AAB00FD14E8 /* Foundation.framework */ = {isa = PBXFileReference; lastKnownFileType = wrapper.framework; name = Foundation.framework; path = System/Library/Frameworks/Foundation.framework; sourceTree = SDKROOT; };
		41F2031A18511AAB00FD14E8 /* CoreGraphics.framework */ = {isa = PBXFileReference; lastKnownFileType = wrapper.framework; name = CoreGraphics.framework; path = System/Library/Frameworks/CoreGraphics.framework; sourceTree = SDKROOT; };
		41F2031C18511AAB00FD14E8 /* UIKit.framework */ = {isa = PBXFileReference; lastKnownFileType = wrapper.framework; name = UIKit.framework; path = System/Library/Frameworks/UIKit.framework; sourceTree = SDKROOT; };
		41F2032018511AAB00FD14E8 /* TintedKeyboard-Info.plist */ = {isa = PBXFileReference; lastKnownFileType = text.plist.xml; path = "TintedKeyboard-Info.plist"; sourceTree = "<group>"; };
		41F2032218511AAB00FD14E8 /* en */ = {isa = PBXFileReference; lastKnownFileType = text.plist.strings; name = en; path = en.lproj/InfoPlist.strings; sourceTree = "<group>"; };
		41F2032418511AAB00FD14E8 /* main.m */ = {isa = PBXFileReference; lastKnownFileType = sourcecode.c.objc; path = main.m; sourceTree = "<group>"; };
		41F2032618511AAB00FD14E8 /* TintedKeyboard-Prefix.pch */ = {isa = PBXFileReference; lastKnownFileType = sourcecode.c.h; path = "TintedKeyboard-Prefix.pch"; sourceTree = "<group>"; };
		41F2032718511AAB00FD14E8 /* TKAppDelegate.h */ = {isa = PBXFileReference; lastKnownFileType = sourcecode.c.h; path = TKAppDelegate.h; sourceTree = "<group>"; };
		41F2032818511AAB00FD14E8 /* TKAppDelegate.m */ = {isa = PBXFileReference; lastKnownFileType = sourcecode.c.objc; path = TKAppDelegate.m; sourceTree = "<group>"; };
		41F2032A18511AAB00FD14E8 /* Images.xcassets */ = {isa = PBXFileReference; lastKnownFileType = folder.assetcatalog; path = Images.xcassets; sourceTree = "<group>"; };
		41F2033018511AAB00FD14E8 /* TintedKeyboardTests.xctest */ = {isa = PBXFileReference; explicitFileType = wrapper.cfbundle; includeInIndex = 0; path = TintedKeyboardTests.xctest; sourceTree = BUILT_PRODUCTS_DIR; };
		41F2033118511AAB00FD14E8 /* XCTest.framework */ = {isa = PBXFileReference; lastKnownFileType = wrapper.framework; name = XCTest.framework; path = Library/Frameworks/XCTest.framework; sourceTree = DEVELOPER_DIR; };
		41F2033918511AAB00FD14E8 /* TintedKeyboardTests-Info.plist */ = {isa = PBXFileReference; lastKnownFileType = text.plist.xml; path = "TintedKeyboardTests-Info.plist"; sourceTree = "<group>"; };
		41F2033B18511AAB00FD14E8 /* en */ = {isa = PBXFileReference; lastKnownFileType = text.plist.strings; name = en; path = en.lproj/InfoPlist.strings; sourceTree = "<group>"; };
		41F2033D18511AAB00FD14E8 /* TintedKeyboardTests.m */ = {isa = PBXFileReference; lastKnownFileType = sourcecode.c.objc; path = TintedKeyboardTests.m; sourceTree = "<group>"; };
		41F2034718511B5600FD14E8 /* TKMainViewController.h */ = {isa = PBXFileReference; fileEncoding = 4; lastKnownFileType = sourcecode.c.h; path = TKMainViewController.h; sourceTree = "<group>"; };
		41F2034818511B5600FD14E8 /* TKMainViewController.m */ = {isa = PBXFileReference; fileEncoding = 4; lastKnownFileType = sourcecode.c.objc; path = TKMainViewController.m; sourceTree = "<group>"; };
		41F2034918511B5600FD14E8 /* TKMainViewController.xib */ = {isa = PBXFileReference; fileEncoding = 4; lastKnownFileType = file.xib; path = TKMainViewController.xib; sourceTree = "<group>"; };
		41F2034C1851273E00FD14E8 /* TKTintedKeyboardViewController.h */ = {isa = PBXFileReference; fileEncoding = 4; lastKnownFileType = sourcecode.c.h; path = TKTintedKeyboardViewController.h; sourceTree = "<group>"; };
		41F2034D1851273E00FD14E8 /* TKTintedKeyboardViewController.m */ = {isa = PBXFileReference; fileEncoding = 4; lastKnownFileType = sourcecode.c.objc; path = TKTintedKeyboardViewController.m; sourceTree = "<group>"; };
/* End PBXFileReference section */

/* Begin PBXFrameworksBuildPhase section */
		41F2031218511AAB00FD14E8 /* Frameworks */ = {
			isa = PBXFrameworksBuildPhase;
			buildActionMask = 2147483647;
			files = (
				41F2031B18511AAB00FD14E8 /* CoreGraphics.framework in Frameworks */,
				41F2031D18511AAB00FD14E8 /* UIKit.framework in Frameworks */,
				41F2031918511AAB00FD14E8 /* Foundation.framework in Frameworks */,
			);
			runOnlyForDeploymentPostprocessing = 0;
		};
		41F2032D18511AAB00FD14E8 /* Frameworks */ = {
			isa = PBXFrameworksBuildPhase;
			buildActionMask = 2147483647;
			files = (
				41F2033218511AAB00FD14E8 /* XCTest.framework in Frameworks */,
				41F2033418511AAB00FD14E8 /* UIKit.framework in Frameworks */,
				41F2033318511AAB00FD14E8 /* Foundation.framework in Frameworks */,
			);
			runOnlyForDeploymentPostprocessing = 0;
		};
/* End PBXFrameworksBuildPhase section */

/* Begin PBXGroup section */
		41F2030C18511AAB00FD14E8 = {
			isa = PBXGroup;
			children = (
				41F2031E18511AAB00FD14E8 /* TintedKeyboard */,
				41F2033718511AAB00FD14E8 /* TintedKeyboardTests */,
				41F2031718511AAB00FD14E8 /* Frameworks */,
				41F2031618511AAB00FD14E8 /* Products */,
			);
			sourceTree = "<group>";
		};
		41F2031618511AAB00FD14E8 /* Products */ = {
			isa = PBXGroup;
			children = (
				41F2031518511AAB00FD14E8 /* TintedKeyboard.app */,
				41F2033018511AAB00FD14E8 /* TintedKeyboardTests.xctest */,
			);
			name = Products;
			sourceTree = "<group>";
		};
		41F2031718511AAB00FD14E8 /* Frameworks */ = {
			isa = PBXGroup;
			children = (
				41F2031818511AAB00FD14E8 /* Foundation.framework */,
				41F2031A18511AAB00FD14E8 /* CoreGraphics.framework */,
				41F2031C18511AAB00FD14E8 /* UIKit.framework */,
				41F2033118511AAB00FD14E8 /* XCTest.framework */,
			);
			name = Frameworks;
			sourceTree = "<group>";
		};
		41F2031E18511AAB00FD14E8 /* TintedKeyboard */ = {
			isa = PBXGroup;
			children = (
				41F2032718511AAB00FD14E8 /* TKAppDelegate.h */,
				41F2032818511AAB00FD14E8 /* TKAppDelegate.m */,
				41F2034718511B5600FD14E8 /* TKMainViewController.h */,
				41F2034818511B5600FD14E8 /* TKMainViewController.m */,
				41F2034918511B5600FD14E8 /* TKMainViewController.xib */,
				41F2034C1851273E00FD14E8 /* TKTintedKeyboardViewController.h */,
				41F2034D1851273E00FD14E8 /* TKTintedKeyboardViewController.m */,
				41F2032A18511AAB00FD14E8 /* Images.xcassets */,
				41F2031F18511AAB00FD14E8 /* Supporting Files */,
			);
			path = TintedKeyboard;
			sourceTree = "<group>";
		};
		41F2031F18511AAB00FD14E8 /* Supporting Files */ = {
			isa = PBXGroup;
			children = (
				41F2032018511AAB00FD14E8 /* TintedKeyboard-Info.plist */,
				41F2032118511AAB00FD14E8 /* InfoPlist.strings */,
				41F2032418511AAB00FD14E8 /* main.m */,
				41F2032618511AAB00FD14E8 /* TintedKeyboard-Prefix.pch */,
			);
			name = "Supporting Files";
			sourceTree = "<group>";
		};
		41F2033718511AAB00FD14E8 /* TintedKeyboardTests */ = {
			isa = PBXGroup;
			children = (
				41F2033D18511AAB00FD14E8 /* TintedKeyboardTests.m */,
				41F2033818511AAB00FD14E8 /* Supporting Files */,
			);
			path = TintedKeyboardTests;
			sourceTree = "<group>";
		};
		41F2033818511AAB00FD14E8 /* Supporting Files */ = {
			isa = PBXGroup;
			children = (
				41F2033918511AAB00FD14E8 /* TintedKeyboardTests-Info.plist */,
				41F2033A18511AAB00FD14E8 /* InfoPlist.strings */,
			);
			name = "Supporting Files";
			sourceTree = "<group>";
		};
/* End PBXGroup section */

/* Begin PBXNativeTarget section */
		41F2031418511AAB00FD14E8 /* TintedKeyboard */ = {
			isa = PBXNativeTarget;
			buildConfigurationList = 41F2034118511AAB00FD14E8 /* Build configuration list for PBXNativeTarget "TintedKeyboard" */;
			buildPhases = (
				41F2031118511AAB00FD14E8 /* Sources */,
				41F2031218511AAB00FD14E8 /* Frameworks */,
				41F2031318511AAB00FD14E8 /* Resources */,
			);
			buildRules = (
			);
			dependencies = (
			);
			name = TintedKeyboard;
			productName = TintedKeyboard;
			productReference = 41F2031518511AAB00FD14E8 /* TintedKeyboard.app */;
			productType = "com.apple.product-type.application";
		};
		41F2032F18511AAB00FD14E8 /* TintedKeyboardTests */ = {
			isa = PBXNativeTarget;
			buildConfigurationList = 41F2034418511AAB00FD14E8 /* Build configuration list for PBXNativeTarget "TintedKeyboardTests" */;
			buildPhases = (
				41F2032C18511AAB00FD14E8 /* Sources */,
				41F2032D18511AAB00FD14E8 /* Frameworks */,
				41F2032E18511AAB00FD14E8 /* Resources */,
			);
			buildRules = (
			);
			dependencies = (
				41F2033618511AAB00FD14E8 /* PBXTargetDependency */,
			);
			name = TintedKeyboardTests;
			productName = TintedKeyboardTests;
			productReference = 41F2033018511AAB00FD14E8 /* TintedKeyboardTests.xctest */;
			productType = "com.apple.product-type.bundle.unit-test";
		};
/* End PBXNativeTarget section */

/* Begin PBXProject section */
		41F2030D18511AAB00FD14E8 /* Project object */ = {
			isa = PBXProject;
			attributes = {
				CLASSPREFIX = TK;
				LastUpgradeCheck = 0500;
				ORGANIZATIONNAME = "Meek Apps";
				TargetAttributes = {
					41F2032F18511AAB00FD14E8 = {
						TestTargetID = 41F2031418511AAB00FD14E8;
					};
				};
			};
			buildConfigurationList = 41F2031018511AAB00FD14E8 /* Build configuration list for PBXProject "TintedKeyboard" */;
			compatibilityVersion = "Xcode 3.2";
			developmentRegion = English;
			hasScannedForEncodings = 0;
			knownRegions = (
				en,
			);
			mainGroup = 41F2030C18511AAB00FD14E8;
			productRefGroup = 41F2031618511AAB00FD14E8 /* Products */;
			projectDirPath = "";
			projectRoot = "";
			targets = (
				41F2031418511AAB00FD14E8 /* TintedKeyboard */,
				41F2032F18511AAB00FD14E8 /* TintedKeyboardTests */,
			);
		};
/* End PBXProject section */

/* Begin PBXResourcesBuildPhase section */
		41F2031318511AAB00FD14E8 /* Resources */ = {
			isa = PBXResourcesBuildPhase;
			buildActionMask = 2147483647;
			files = (
				41F2032318511AAB00FD14E8 /* InfoPlist.strings in Resources */,
				41F2034B18511B5700FD14E8 /* TKMainViewController.xib in Resources */,
				41F2032B18511AAB00FD14E8 /* Images.xcassets in Resources */,
			);
			runOnlyForDeploymentPostprocessing = 0;
		};
		41F2032E18511AAB00FD14E8 /* Resources */ = {
			isa = PBXResourcesBuildPhase;
			buildActionMask = 2147483647;
			files = (
				41F2033C18511AAB00FD14E8 /* InfoPlist.strings in Resources */,
			);
			runOnlyForDeploymentPostprocessing = 0;
		};
/* End PBXResourcesBuildPhase section */

/* Begin PBXSourcesBuildPhase section */
		41F2031118511AAB00FD14E8 /* Sources */ = {
			isa = PBXSourcesBuildPhase;
			buildActionMask = 2147483647;
			files = (
				41F2034E1851273E00FD14E8 /* TKTintedKeyboardViewController.m in Sources */,
				41F2032518511AAB00FD14E8 /* main.m in Sources */,
				41F2032918511AAB00FD14E8 /* TKAppDelegate.m in Sources */,
				41F2034A18511B5700FD14E8 /* TKMainViewController.m in Sources */,
			);
			runOnlyForDeploymentPostprocessing = 0;
		};
		41F2032C18511AAB00FD14E8 /* Sources */ = {
			isa = PBXSourcesBuildPhase;
			buildActionMask = 2147483647;
			files = (
				41F2033E18511AAB00FD14E8 /* TintedKeyboardTests.m in Sources */,
			);
			runOnlyForDeploymentPostprocessing = 0;
		};
/* End PBXSourcesBuildPhase section */

/* Begin PBXTargetDependency section */
		41F2033618511AAB00FD14E8 /* PBXTargetDependency */ = {
			isa = PBXTargetDependency;
			target = 41F2031418511AAB00FD14E8 /* TintedKeyboard */;
			targetProxy = 41F2033518511AAB00FD14E8 /* PBXContainerItemProxy */;
		};
/* End PBXTargetDependency section */

/* Begin PBXVariantGroup section */
		41F2032118511AAB00FD14E8 /* InfoPlist.strings */ = {
			isa = PBXVariantGroup;
			children = (
				41F2032218511AAB00FD14E8 /* en */,
			);
			name = InfoPlist.strings;
			sourceTree = "<group>";
		};
		41F2033A18511AAB00FD14E8 /* InfoPlist.strings */ = {
			isa = PBXVariantGroup;
			children = (
				41F2033B18511AAB00FD14E8 /* en */,
			);
			name = InfoPlist.strings;
			sourceTree = "<group>";
		};
/* End PBXVariantGroup section */

/* Begin XCBuildConfiguration section */
		41F2033F18511AAB00FD14E8 /* Debug */ = {
			isa = XCBuildConfiguration;
			buildSettings = {
				ALWAYS_SEARCH_USER_PATHS = NO;
				ARCHS = "$(ARCHS_STANDARD_INCLUDING_64_BIT)";
				CLANG_CXX_LANGUAGE_STANDARD = "gnu++0x";
				CLANG_CXX_LIBRARY = "libc++";
				CLANG_ENABLE_MODULES = YES;
				CLANG_ENABLE_OBJC_ARC = YES;
				CLANG_WARN_BOOL_CONVERSION = YES;
				CLANG_WARN_CONSTANT_CONVERSION = YES;
				CLANG_WARN_DIRECT_OBJC_ISA_USAGE = YES_ERROR;
				CLANG_WARN_EMPTY_BODY = YES;
				CLANG_WARN_ENUM_CONVERSION = YES;
				CLANG_WARN_INT_CONVERSION = YES;
				CLANG_WARN_OBJC_ROOT_CLASS = YES_ERROR;
				CLANG_WARN__DUPLICATE_METHOD_MATCH = YES;
				"CODE_SIGN_IDENTITY[sdk=iphoneos*]" = "iPhone Developer";
				COPY_PHASE_STRIP = NO;
				GCC_C_LANGUAGE_STANDARD = gnu99;
				GCC_DYNAMIC_NO_PIC = NO;
				GCC_OPTIMIZATION_LEVEL = 0;
				GCC_PREPROCESSOR_DEFINITIONS = (
					"DEBUG=1",
					"$(inherited)",
				);
				GCC_SYMBOLS_PRIVATE_EXTERN = NO;
				GCC_WARN_64_TO_32_BIT_CONVERSION = YES;
				GCC_WARN_ABOUT_RETURN_TYPE = YES_ERROR;
				GCC_WARN_UNDECLARED_SELECTOR = YES;
				GCC_WARN_UNINITIALIZED_AUTOS = YES;
				GCC_WARN_UNUSED_FUNCTION = YES;
				GCC_WARN_UNUSED_VARIABLE = YES;
				IPHONEOS_DEPLOYMENT_TARGET = 7.0;
				ONLY_ACTIVE_ARCH = YES;
				SDKROOT = iphoneos;
			};
			name = Debug;
		};
		41F2034018511AAB00FD14E8 /* Release */ = {
			isa = XCBuildConfiguration;
			buildSettings = {
				ALWAYS_SEARCH_USER_PATHS = NO;
				ARCHS = "$(ARCHS_STANDARD_INCLUDING_64_BIT)";
				CLANG_CXX_LANGUAGE_STANDARD = "gnu++0x";
				CLANG_CXX_LIBRARY = "libc++";
				CLANG_ENABLE_MODULES = YES;
				CLANG_ENABLE_OBJC_ARC = YES;
				CLANG_WARN_BOOL_CONVERSION = YES;
				CLANG_WARN_CONSTANT_CONVERSION = YES;
				CLANG_WARN_DIRECT_OBJC_ISA_USAGE = YES_ERROR;
				CLANG_WARN_EMPTY_BODY = YES;
				CLANG_WARN_ENUM_CONVERSION = YES;
				CLANG_WARN_INT_CONVERSION = YES;
				CLANG_WARN_OBJC_ROOT_CLASS = YES_ERROR;
				CLANG_WARN__DUPLICATE_METHOD_MATCH = YES;
				"CODE_SIGN_IDENTITY[sdk=iphoneos*]" = "iPhone Developer";
				COPY_PHASE_STRIP = YES;
				ENABLE_NS_ASSERTIONS = NO;
				GCC_C_LANGUAGE_STANDARD = gnu99;
				GCC_WARN_64_TO_32_BIT_CONVERSION = YES;
				GCC_WARN_ABOUT_RETURN_TYPE = YES_ERROR;
				GCC_WARN_UNDECLARED_SELECTOR = YES;
				GCC_WARN_UNINITIALIZED_AUTOS = YES;
				GCC_WARN_UNUSED_FUNCTION = YES;
				GCC_WARN_UNUSED_VARIABLE = YES;
				IPHONEOS_DEPLOYMENT_TARGET = 7.0;
				SDKROOT = iphoneos;
				VALIDATE_PRODUCT = YES;
			};
			name = Release;
		};
		41F2034218511AAB00FD14E8 /* Debug */ = {
			isa = XCBuildConfiguration;
			buildSettings = {
				ASSETCATALOG_COMPILER_APPICON_NAME = AppIcon;
				ASSETCATALOG_COMPILER_LAUNCHIMAGE_NAME = LaunchImage;
				GCC_PRECOMPILE_PREFIX_HEADER = YES;
				GCC_PREFIX_HEADER = "TintedKeyboard/TintedKeyboard-Prefix.pch";
				INFOPLIST_FILE = "TintedKeyboard/TintedKeyboard-Info.plist";
				IPHONEOS_DEPLOYMENT_TARGET = 7.0;
				PRODUCT_NAME = "$(TARGET_NAME)";
				WRAPPER_EXTENSION = app;
			};
			name = Debug;
		};
		41F2034318511AAB00FD14E8 /* Release */ = {
			isa = XCBuildConfiguration;
			buildSettings = {
				ASSETCATALOG_COMPILER_APPICON_NAME = AppIcon;
				ASSETCATALOG_COMPILER_LAUNCHIMAGE_NAME = LaunchImage;
				GCC_PRECOMPILE_PREFIX_HEADER = YES;
				GCC_PREFIX_HEADER = "TintedKeyboard/TintedKeyboard-Prefix.pch";
				INFOPLIST_FILE = "TintedKeyboard/TintedKeyboard-Info.plist";
				IPHONEOS_DEPLOYMENT_TARGET = 7.0;
				PRODUCT_NAME = "$(TARGET_NAME)";
				WRAPPER_EXTENSION = app;
			};
			name = Release;
		};
		41F2034518511AAB00FD14E8 /* Debug */ = {
			isa = XCBuildConfiguration;
			buildSettings = {
				ARCHS = "$(ARCHS_STANDARD_INCLUDING_64_BIT)";
				BUNDLE_LOADER = "$(BUILT_PRODUCTS_DIR)/TintedKeyboard.app/TintedKeyboard";
				FRAMEWORK_SEARCH_PATHS = (
					"$(SDKROOT)/Developer/Library/Frameworks",
					"$(inherited)",
					"$(DEVELOPER_FRAMEWORKS_DIR)",
				);
				GCC_PRECOMPILE_PREFIX_HEADER = YES;
				GCC_PREFIX_HEADER = "TintedKeyboard/TintedKeyboard-Prefix.pch";
				GCC_PREPROCESSOR_DEFINITIONS = (
					"DEBUG=1",
					"$(inherited)",
				);
				INFOPLIST_FILE = "TintedKeyboardTests/TintedKeyboardTests-Info.plist";
				PRODUCT_NAME = "$(TARGET_NAME)";
				TEST_HOST = "$(BUNDLE_LOADER)";
				WRAPPER_EXTENSION = xctest;
			};
			name = Debug;
		};
		41F2034618511AAB00FD14E8 /* Release */ = {
			isa = XCBuildConfiguration;
			buildSettings = {
				ARCHS = "$(ARCHS_STANDARD_INCLUDING_64_BIT)";
				BUNDLE_LOADER = "$(BUILT_PRODUCTS_DIR)/TintedKeyboard.app/TintedKeyboard";
				FRAMEWORK_SEARCH_PATHS = (
					"$(SDKROOT)/Developer/Library/Frameworks",
					"$(inherited)",
					"$(DEVELOPER_FRAMEWORKS_DIR)",
				);
				GCC_PRECOMPILE_PREFIX_HEADER = YES;
				GCC_PREFIX_HEADER = "TintedKeyboard/TintedKeyboard-Prefix.pch";
				INFOPLIST_FILE = "TintedKeyboardTests/TintedKeyboardTests-Info.plist";
				PRODUCT_NAME = "$(TARGET_NAME)";
				TEST_HOST = "$(BUNDLE_LOADER)";
				WRAPPER_EXTENSION = xctest;
			};
			name = Release;
		};
/* End XCBuildConfiguration section */

/* Begin XCConfigurationList section */
		41F2031018511AAB00FD14E8 /* Build configuration list for PBXProject "TintedKeyboard" */ = {
			isa = XCConfigurationList;
			buildConfigurations = (
				41F2033F18511AAB00FD14E8 /* Debug */,
				41F2034018511AAB00FD14E8 /* Release */,
			);
			defaultConfigurationIsVisible = 0;
			defaultConfigurationName = Release;
		};
		41F2034118511AAB00FD14E8 /* Build configuration list for PBXNativeTarget "TintedKeyboard" */ = {
			isa = XCConfigurationList;
			buildConfigurations = (
				41F2034218511AAB00FD14E8 /* Debug */,
				41F2034318511AAB00FD14E8 /* Release */,
			);
			defaultConfigurationIsVisible = 0;
		};
		41F2034418511AAB00FD14E8 /* Build configuration list for PBXNativeTarget "TintedKeyboardTests" */ = {
			isa = XCConfigurationList;
			buildConfigurations = (
				41F2034518511AAB00FD14E8 /* Debug */,
				41F2034618511AAB00FD14E8 /* Release */,
			);
			defaultConfigurationIsVisible = 0;
		};
/* End XCConfigurationList section */
	};
	rootObject = 41F2030D18511AAB00FD14E8 /* Project object */;
}
